
Microsoft Visual Studio Solution File, Format Version 12.00
# Visual Studio 15
VisualStudioVersion = 15.0.28307.572
MinimumVisualStudioVersion = 10.0.40219.1
Project("{FAE04EC0-301F-11D3-BF4B-00C04F79EFBC}") = "StudentsDB", "StudentsDB\StudentsDB.csproj", "{584330C5-8F2B-4615-B88D-7585CA9C1273}"
EndProject
Project("{FAE04EC0-301F-11D3-BF4B-00C04F79EFBC}") = "Contacts", "Contacts\Contacts.csproj", "{91FACEC6-D66E-4473-BB9D-825CF5298DC1}"
EndProject
Global
	GlobalSection(SolutionConfigurationPlatforms) = preSolution
		Debug|Any CPU = Debug|Any CPU
		Release|Any CPU = Release|Any CPU
	EndGlobalSection
	GlobalSection(ProjectConfigurationPlatforms) = postSolution
		{584330C5-8F2B-4615-B88D-7585CA9C1273}.Debug|Any CPU.ActiveCfg = Debug|Any CPU
		{584330C5-8F2B-4615-B88D-7585CA9C1273}.Debug|Any CPU.Build.0 = Debug|Any CPU
		{584330C5-8F2B-4615-B88D-7585CA9C1273}.Release|Any CPU.ActiveCfg = Release|Any CPU
		{584330C5-8F2B-4615-B88D-7585CA9C1273}.Release|Any CPU.Build.0 = Release|Any CPU
		{91FACEC6-D66E-4473-BB9D-825CF5298DC1}.Debug|Any CPU.ActiveCfg = Debug|Any CPU
		{91FACEC6-D66E-4473-BB9D-825CF5298DC1}.Debug|Any CPU.Build.0 = Debug|Any CPU
		{91FACEC6-D66E-4473-BB9D-825CF5298DC1}.Release|Any CPU.ActiveCfg = Release|Any CPU
		{91FACEC6-D66E-4473-BB9D-825CF5298DC1}.Release|Any CPU.Build.0 = Release|Any CPU
	EndGlobalSection
	GlobalSection(SolutionProperties) = preSolution
		HideSolutionNode = FALSE
	EndGlobalSection
	GlobalSection(ExtensibilityGlobals) = postSolution
		SolutionGuid = {E931EBB1-4BA2-4A62-B74E-1A0321588FF0}
	EndGlobalSection
EndGlobal
